
Microsoft Visual Studio Solution File, Format Version 12.00
# Visual Studio Version 17
VisualStudioVersion = 17.5.002.0
MinimumVisualStudioVersion = 10.0.40219.1
Project("{9A19103F-16F7-4668-BE54-9A1E7A4F7556}") = "WebAPI", "WebAPI.csproj", "{8885B6EB-7A2C-45F5-9D8F-68907F89BDAB}"
EndProject
Global
	GlobalSection(SolutionConfigurationPlatforms) = preSolution
		Debug|Any CPU = Debug|Any CPU
		Release|Any CPU = Release|Any CPU
	EndGlobalSection
	GlobalSection(ProjectConfigurationPlatforms) = postSolution
		{8885B6EB-7A2C-45F5-9D8F-68907F89BDAB}.Debug|Any CPU.ActiveCfg = Debug|Any CPU
		{8885B6EB-7A2C-45F5-9D8F-68907F89BDAB}.Debug|Any CPU.Build.0 = Debug|Any CPU
		{8885B6EB-7A2C-45F5-9D8F-68907F89BDAB}.Release|Any CPU.ActiveCfg = Release|Any CPU
		{8885B6EB-7A2C-45F5-9D8F-68907F89BDAB}.Release|Any CPU.Build.0 = Release|Any CPU
	EndGlobalSection
	GlobalSection(SolutionProperties) = preSolution
		HideSolutionNode = FALSE
	EndGlobalSection
	GlobalSection(ExtensibilityGlobals) = postSolution
		SolutionGuid = {0AC8201D-FB05-4B60-ABA9-AF6BFEEF54AD}
	EndGlobalSection
EndGlobal
